<?xml version="1.0" encoding="utf-8"?>
<Project ToolsVersion="4.0" xmlns="http://schemas.microsoft.com/developer/msbuild/2003">
  <ItemGroup>
    <Filter Include="Source Files">
      <UniqueIdentifier>{56015e7b-e171-4d28-903a-14e4e1f1752b}</UniqueIdentifier>
      <Extensions>cpp;c;cxx;def;odl;idl;hpj;bat;asm</Extensions>
    </Filter>
    <Filter Include="Resource Files">
      <UniqueIdentifier>{07a14f4e-0185-47f1-bd8a-9ed8c85d779f}</UniqueIdentifier>
      <Extensions>rc;ico;cur;bmp;dlg;rc2;rct;bin;rgs;jpg;jpeg;jpe;manifest</Extensions>
    </Filter>
  </ItemGroup>
  <ItemGroup>
    <ClCompile Include="MainFrm.cpp">
      <Filter>Source Files</Filter>
    </ClCompile>
    <ClCompile Include="Project.cpp">
      <Filter>Source Files</Filter>
    </ClCompile>
    <ClCompile Include="stdafx.cpp">
      <Filter>Source Files</Filter>
    </ClCompile>
    <ClCompile Include="ChildView.cpp">
      <Filter>Source Files</Filter>
    </ClCompile>
  </ItemGroup>
  <ItemGroup>
    <ClInclude Include="MainFrm.h">
      <Filter>Source Files</Filter>
    </ClInclude>
    <ClInclude Include="stdafx.h">
      <Filter>Source Files</Filter>
    </ClInclude>
    <ClInclude Include="ChildView.h">
      <Filter>Source Files</Filter>
    </ClInclude>
    <ClInclude Include="res\Resource.h">
      <Filter>Resource Files</Filter>
    </ClInclude>
    <ClInclude Include="PngAnimation.h">
      <Filter>Source Files</Filter>
    </ClInclude>
  </ItemGroup>
  <ItemGroup>
    <Image Include="res\Process1.png">
      <Filter>Resource Files</Filter>
    </Image>
    <Image Include="res\Process2.png">
      <Filter>Resource Files</Filter>
    </Image>
    <Image Include="res\Process3.png">
      <Filter>Resource Files</Filter>
    </Image>
    <Image Include="res\Process4.png">
      <Filter>Resource Files</Filter>
    </Image>
    <Image Include="res\Process5.png">
      <Filter>Resource Files</Filter>
    </Image>
    <Image Include="res\Process6.png">
      <Filter>Resource Files</Filter>
    </Image>
    <Image Include="res\Project.ico">
      <Filter>Resource Files</Filter>
    </Image>
    <Image Include="res\Toolbar.bmp">
      <Filter>Resource Files</Filter>
    </Image>
  </ItemGroup>
  <ItemGroup>
    <ResourceCompile Include="res\Project.rc">
      <Filter>Resource Files</Filter>
    </ResourceCompile>
  </ItemGroup>
  <ItemGroup>
    <None Include="res\Project.rc2">
      <Filter>Resource Files</Filter>
    </None>
  </ItemGroup>
</Project>